// !$*UTF8*$!
{
	archiveVersion = 1;
	classes = {
	};
	objectVersion = 46;
	objects = {

/* Begin PBXBuildFile section */
		042817C71B69D5F700D1074A /* main.m in Sources */ = {isa = PBXBuildFile; fileRef = 042817C61B69D5F700D1074A /* main.m */; };
		042817CA1B69D5F700D1074A /* AppDelegate.m in Sources */ = {isa = PBXBuildFile; fileRef = 042817C91B69D5F700D1074A /* AppDelegate.m */; };
		042817CD1B69D5F700D1074A /* ViewController.m in Sources */ = {isa = PBXBuildFile; fileRef = 042817CC1B69D5F700D1074A /* ViewController.m */; };
		042817D01B69D5F700D1074A /* Main.storyboard in Resources */ = {isa = PBXBuildFile; fileRef = 042817CE1B69D5F700D1074A /* Main.storyboard */; };
		042817D21B69D5F700D1074A /* Images.xcassets in Resources */ = {isa = PBXBuildFile; fileRef = 042817D11B69D5F700D1074A /* Images.xcassets */; };
		042817D51B69D5F700D1074A /* LaunchScreen.xib in Resources */ = {isa = PBXBuildFile; fileRef = 042817D31B69D5F700D1074A /* LaunchScreen.xib */; };
		042817E11B69D5F700D1074A /* __SDK__Tests.m in Sources */ = {isa = PBXBuildFile; fileRef = 042817E01B69D5F700D1074A /* __SDK__Tests.m */; };
/* End PBXBuildFile section */

/* Begin PBXContainerItemProxy section */
		042817DB1B69D5F700D1074A /* PBXContainerItemProxy */ = {
			isa = PBXContainerItemProxy;
			containerPortal = 042817B91B69D5F700D1074A /* Project object */;
			proxyType = 1;
			remoteGlobalIDString = 042817C01B69D5F700D1074A;
			remoteInfo = "支付SDK模拟";
		};
/* End PBXContainerItemProxy section */

/* Begin PBXFileReference section */
		042817C11B69D5F700D1074A /* 支付SDK模拟.app */ = {isa = PBXFileReference; explicitFileType = wrapper.application; includeInIndex = 0; path = "支付SDK模拟.app"; sourceTree = BUILT_PRODUCTS_DIR; };
		042817C51B69D5F700D1074A /* Info.plist */ = {isa = PBXFileReference; lastKnownFileType = text.plist.xml; path = Info.plist; sourceTree = "<group>"; };
		042817C61B69D5F700D1074A /* main.m */ = {isa = PBXFileReference; lastKnownFileType = sourcecode.c.objc; path = main.m; sourceTree = "<group>"; };
		042817C81B69D5F700D1074A /* AppDelegate.h */ = {isa = PBXFileReference; lastKnownFileType = sourcecode.c.h; path = AppDelegate.h; sourceTree = "<group>"; };
		042817C91B69D5F700D1074A /* AppDelegate.m */ = {isa = PBXFileReference; lastKnownFileType = sourcecode.c.objc; path = AppDelegate.m; sourceTree = "<group>"; };
		042817CB1B69D5F700D1074A /* ViewController.h */ = {isa = PBXFileReference; lastKnownFileType = sourcecode.c.h; path = ViewController.h; sourceTree = "<group>"; };
		042817CC1B69D5F700D1074A /* ViewController.m */ = {isa = PBXFileReference; lastKnownFileType = sourcecode.c.objc; path = ViewController.m; sourceTree = "<group>"; };
		042817CF1B69D5F700D1074A /* Base */ = {isa = PBXFileReference; lastKnownFileType = file.storyboard; name = Base; path = Base.lproj/Main.storyboard; sourceTree = "<group>"; };
		042817D11B69D5F700D1074A /* Images.xcassets */ = {isa = PBXFileReference; lastKnownFileType = folder.assetcatalog; path = Images.xcassets; sourceTree = "<group>"; };
		042817D41B69D5F700D1074A /* Base */ = {isa = PBXFileReference; lastKnownFileType = file.xib; name = Base; path = Base.lproj/LaunchScreen.xib; sourceTree = "<group>"; };
		042817DA1B69D5F700D1074A /* 支付SDK模拟Tests.xctest */ = {isa = PBXFileReference; explicitFileType = wrapper.cfbundle; includeInIndex = 0; path = "支付SDK模拟Tests.xctest"; sourceTree = BUILT_PRODUCTS_DIR; };
		042817DF1B69D5F700D1074A /* Info.plist */ = {isa = PBXFileReference; lastKnownFileType = text.plist.xml; path = Info.plist; sourceTree = "<group>"; };
		042817E01B69D5F700D1074A /* __SDK__Tests.m */ = {isa = PBXFileReference; lastKnownFileType = sourcecode.c.objc; path = __SDK__Tests.m; sourceTree = "<group>"; };
/* End PBXFileReference section */

/* Begin PBXFrameworksBuildPhase section */
		042817BE1B69D5F700D1074A /* Frameworks */ = {
			isa = PBXFrameworksBuildPhase;
			buildActionMask = 2147483647;
			files = (
			);
			runOnlyForDeploymentPostprocessing = 0;
		};
		042817D71B69D5F700D1074A /* Frameworks */ = {
			isa = PBXFrameworksBuildPhase;
			buildActionMask = 2147483647;
			files = (
			);
			runOnlyForDeploymentPostprocessing = 0;
		};
/* End PBXFrameworksBuildPhase section */

/* Begin PBXGroup section */
		042817B81B69D5F700D1074A = {
			isa = PBXGroup;
			children = (
				042817C31B69D5F700D1074A /* 支付SDK模拟 */,
				042817DD1B69D5F700D1074A /* 支付SDK模拟Tests */,
				042817C21B69D5F700D1074A /* Products */,
			);
			sourceTree = "<group>";
		};
		042817C21B69D5F700D1074A /* Products */ = {
			isa = PBXGroup;
			children = (
				042817C11B69D5F700D1074A /* 支付SDK模拟.app */,
				042817DA1B69D5F700D1074A /* 支付SDK模拟Tests.xctest */,
			);
			name = Products;
			sourceTree = "<group>";
		};
		042817C31B69D5F700D1074A /* 支付SDK模拟 */ = {
			isa = PBXGroup;
			children = (
				042817C81B69D5F700D1074A /* AppDelegate.h */,
				042817C91B69D5F700D1074A /* AppDelegate.m */,
				042817CB1B69D5F700D1074A /* ViewController.h */,
				042817CC1B69D5F700D1074A /* ViewController.m */,
				042817CE1B69D5F700D1074A /* Main.storyboard */,
				042817D11B69D5F700D1074A /* Images.xcassets */,
				042817D31B69D5F700D1074A /* LaunchScreen.xib */,
				042817C41B69D5F700D1074A /* Supporting Files */,
			);
			path = "支付SDK模拟";
			sourceTree = "<group>";
		};
		042817C41B69D5F700D1074A /* Supporting Files */ = {
			isa = PBXGroup;
			children = (
				042817C51B69D5F700D1074A /* Info.plist */,
				042817C61B69D5F700D1074A /* main.m */,
			);
			name = "Supporting Files";
			sourceTree = "<group>";
		};
		042817DD1B69D5F700D1074A /* 支付SDK模拟Tests */ = {
			isa = PBXGroup;
			children = (
				042817E01B69D5F700D1074A /* __SDK__Tests.m */,
				042817DE1B69D5F700D1074A /* Supporting Files */,
			);
			path = "支付SDK模拟Tests";
			sourceTree = "<group>";
		};
		042817DE1B69D5F700D1074A /* Supporting Files */ = {
			isa = PBXGroup;
			children = (
				042817DF1B69D5F700D1074A /* Info.plist */,
			);
			name = "Supporting Files";
			sourceTree = "<group>";
		};
/* End PBXGroup section */

/* Begin PBXNativeTarget section */
		042817C01B69D5F700D1074A /* 支付SDK模拟 */ = {
			isa = PBXNativeTarget;
			buildConfigurationList = 042817E41B69D5F700D1074A /* Build configuration list for PBXNativeTarget "支付SDK模拟" */;
			buildPhases = (
				042817BD1B69D5F700D1074A /* Sources */,
				042817BE1B69D5F700D1074A /* Frameworks */,
				042817BF1B69D5F700D1074A /* Resources */,
			);
			buildRules = (
			);
			dependencies = (
			);
			name = "支付SDK模拟";
			productName = "支付SDK模拟";
			productReference = 042817C11B69D5F700D1074A /* 支付SDK模拟.app */;
			productType = "com.apple.product-type.application";
		};
		042817D91B69D5F700D1074A /* 支付SDK模拟Tests */ = {
			isa = PBXNativeTarget;
			buildConfigurationList = 042817E71B69D5F700D1074A /* Build configuration list for PBXNativeTarget "支付SDK模拟Tests" */;
			buildPhases = (
				042817D61B69D5F700D1074A /* Sources */,
				042817D71B69D5F700D1074A /* Frameworks */,
				042817D81B69D5F700D1074A /* Resources */,
			);
			buildRules = (
			);
			dependencies = (
				042817DC1B69D5F700D1074A /* PBXTargetDependency */,
			);
			name = "支付SDK模拟Tests";
			productName = "支付SDK模拟Tests";
			productReference = 042817DA1B69D5F700D1074A /* 支付SDK模拟Tests.xctest */;
			productType = "com.apple.product-type.bundle.unit-test";
		};
/* End PBXNativeTarget section */

/* Begin PBXProject section */
		042817B91B69D5F700D1074A /* Project object */ = {
			isa = PBXProject;
			attributes = {
				LastUpgradeCheck = 0640;
				ORGANIZATIONNAME = "博思创影";
				TargetAttributes = {
					042817C01B69D5F700D1074A = {
						CreatedOnToolsVersion = 6.4;
					};
					042817D91B69D5F700D1074A = {
						CreatedOnToolsVersion = 6.4;
						TestTargetID = 042817C01B69D5F700D1074A;
					};
				};
			};
			buildConfigurationList = 042817BC1B69D5F700D1074A /* Build configuration list for PBXProject "支付SDK模拟" */;
			compatibilityVersion = "Xcode 3.2";
			developmentRegion = English;
			hasScannedForEncodings = 0;
			knownRegions = (
				en,
				Base,
			);
			mainGroup = 042817B81B69D5F700D1074A;
			productRefGroup = 042817C21B69D5F700D1074A /* Products */;
			projectDirPath = "";
			projectRoot = "";
			targets = (
				042817C01B69D5F700D1074A /* 支付SDK模拟 */,
				042817D91B69D5F700D1074A /* 支付SDK模拟Tests */,
			);
		};
/* End PBXProject section */

/* Begin PBXResourcesBuildPhase section */
		042817BF1B69D5F700D1074A /* Resources */ = {
			isa = PBXResourcesBuildPhase;
			buildActionMask = 2147483647;
			files = (
				042817D01B69D5F700D1074A /* Main.storyboard in Resources */,
				042817D51B69D5F700D1074A /* LaunchScreen.xib in Resources */,
				042817D21B69D5F700D1074A /* Images.xcassets in Resources */,
			);
			runOnlyForDeploymentPostprocessing = 0;
		};
		042817D81B69D5F700D1074A /* Resources */ = {
			isa = PBXResourcesBuildPhase;
			buildActionMask = 2147483647;
			files = (
			);
			runOnlyForDeploymentPostprocessing = 0;
		};
/* End PBXResourcesBuildPhase section */

/* Begin PBXSourcesBuildPhase section */
		042817BD1B69D5F700D1074A /* Sources */ = {
			isa = PBXSourcesBuildPhase;
			buildActionMask = 2147483647;
			files = (
				042817CD1B69D5F700D1074A /* ViewController.m in Sources */,
				042817CA1B69D5F700D1074A /* AppDelegate.m in Sources */,
				042817C71B69D5F700D1074A /* main.m in Sources */,
			);
			runOnlyForDeploymentPostprocessing = 0;
		};
		042817D61B69D5F700D1074A /* Sources */ = {
			isa = PBXSourcesBuildPhase;
			buildActionMask = 2147483647;
			files = (
				042817E11B69D5F700D1074A /* __SDK__Tests.m in Sources */,
			);
			runOnlyForDeploymentPostprocessing = 0;
		};
/* End PBXSourcesBuildPhase section */

/* Begin PBXTargetDependency section */
		042817DC1B69D5F700D1074A /* PBXTargetDependency */ = {
			isa = PBXTargetDependency;
			target = 042817C01B69D5F700D1074A /* 支付SDK模拟 */;
			targetProxy = 042817DB1B69D5F700D1074A /* PBXContainerItemProxy */;
		};
/* End PBXTargetDependency section */

/* Begin PBXVariantGroup section */
		042817CE1B69D5F700D1074A /* Main.storyboard */ = {
			isa = PBXVariantGroup;
			children = (
				042817CF1B69D5F700D1074A /* Base */,
			);
			name = Main.storyboard;
			sourceTree = "<group>";
		};
		042817D31B69D5F700D1074A /* LaunchScreen.xib */ = {
			isa = PBXVariantGroup;
			children = (
				042817D41B69D5F700D1074A /* Base */,
			);
			name = LaunchScreen.xib;
			sourceTree = "<group>";
		};
/* End PBXVariantGroup section */

/* Begin XCBuildConfiguration section */
		042817E21B69D5F700D1074A /* Debug */ = {
			isa = XCBuildConfiguration;
			buildSettings = {
				ALWAYS_SEARCH_USER_PATHS = NO;
				CLANG_CXX_LANGUAGE_STANDARD = "gnu++0x";
				CLANG_CXX_LIBRARY = "libc++";
				CLANG_ENABLE_MODULES = YES;
				CLANG_ENABLE_OBJC_ARC = YES;
				CLANG_WARN_BOOL_CONVERSION = YES;
				CLANG_WARN_CONSTANT_CONVERSION = YES;
				CLANG_WARN_DIRECT_OBJC_ISA_USAGE = YES_ERROR;
				CLANG_WARN_EMPTY_BODY = YES;
				CLANG_WARN_ENUM_CONVERSION = YES;
				CLANG_WARN_INT_CONVERSION = YES;
				CLANG_WARN_OBJC_ROOT_CLASS = YES_ERROR;
				CLANG_WARN_UNREACHABLE_CODE = YES;
				CLANG_WARN__DUPLICATE_METHOD_MATCH = YES;
				"CODE_SIGN_IDENTITY[sdk=iphoneos*]" = "iPhone Developer";
				COPY_PHASE_STRIP = NO;
				DEBUG_INFORMATION_FORMAT = "dwarf-with-dsym";
				ENABLE_STRICT_OBJC_MSGSEND = YES;
				GCC_C_LANGUAGE_STANDARD = gnu99;
				GCC_DYNAMIC_NO_PIC = NO;
				GCC_NO_COMMON_BLOCKS = YES;
				GCC_OPTIMIZATION_LEVEL = 0;
				GCC_PREPROCESSOR_DEFINITIONS = (
					"DEBUG=1",
					"$(inherited)",
				);
				GCC_SYMBOLS_PRIVATE_EXTERN = NO;
				GCC_WARN_64_TO_32_BIT_CONVERSION = YES;
				GCC_WARN_ABOUT_RETURN_TYPE = YES_ERROR;
				GCC_WARN_UNDECLARED_SELECTOR = YES;
				GCC_WARN_UNINITIALIZED_AUTOS = YES_AGGRESSIVE;
				GCC_WARN_UNUSED_FUNCTION = YES;
				GCC_WARN_UNUSED_VARIABLE = YES;
				IPHONEOS_DEPLOYMENT_TARGET = 8.4;
				MTL_ENABLE_DEBUG_INFO = YES;
				ONLY_ACTIVE_ARCH = YES;
				SDKROOT = iphoneos;
			};
			name = Debug;
		};
		042817E31B69D5F700D1074A /* Release */ = {
			isa = XCBuildConfiguration;
			buildSettings = {
				ALWAYS_SEARCH_USER_PATHS = NO;
				CLANG_CXX_LANGUAGE_STANDARD = "gnu++0x";
				CLANG_CXX_LIBRARY = "libc++";
				CLANG_ENABLE_MODULES = YES;
				CLANG_ENABLE_OBJC_ARC = YES;
				CLANG_WARN_BOOL_CONVERSION = YES;
				CLANG_WARN_CONSTANT_CONVERSION = YES;
				CLANG_WARN_DIRECT_OBJC_ISA_USAGE = YES_ERROR;
				CLANG_WARN_EMPTY_BODY = YES;
				CLANG_WARN_ENUM_CONVERSION = YES;
				CLANG_WARN_INT_CONVERSION = YES;
				CLANG_WARN_OBJC_ROOT_CLASS = YES_ERROR;
				CLANG_WARN_UNREACHABLE_CODE = YES;
				CLANG_WARN__DUPLICATE_METHOD_MATCH = YES;
				"CODE_SIGN_IDENTITY[sdk=iphoneos*]" = "iPhone Developer";
				COPY_PHASE_STRIP = NO;
				DEBUG_INFORMATION_FORMAT = "dwarf-with-dsym";
				ENABLE_NS_ASSERTIONS = NO;
				ENABLE_STRICT_OBJC_MSGSEND = YES;
				GCC_C_LANGUAGE_STANDARD = gnu99;
				GCC_NO_COMMON_BLOCKS = YES;
				GCC_WARN_64_TO_32_BIT_CONVERSION = YES;
				GCC_WARN_ABOUT_RETURN_TYPE = YES_ERROR;
				GCC_WARN_UNDECLARED_SELECTOR = YES;
				GCC_WARN_UNINITIALIZED_AUTOS = YES_AGGRESSIVE;
				GCC_WARN_UNUSED_FUNCTION = YES;
				GCC_WARN_UNUSED_VARIABLE = YES;
				IPHONEOS_DEPLOYMENT_TARGET = 8.4;
				MTL_ENABLE_DEBUG_INFO = NO;
				SDKROOT = iphoneos;
				VALIDATE_PRODUCT = YES;
			};
			name = Release;
		};
		042817E51B69D5F700D1074A /* Debug */ = {
			isa = XCBuildConfiguration;
			buildSettings = {
				ASSETCATALOG_COMPILER_APPICON_NAME = AppIcon;
				INFOPLIST_FILE = "支付SDK模拟/Info.plist";
				LD_RUNPATH_SEARCH_PATHS = "$(inherited) @executable_path/Frameworks";
				PRODUCT_NAME = "$(TARGET_NAME)";
			};
			name = Debug;
		};
		042817E61B69D5F700D1074A /* Release */ = {
			isa = XCBuildConfiguration;
			buildSettings = {
				ASSETCATALOG_COMPILER_APPICON_NAME = AppIcon;
				INFOPLIST_FILE = "支付SDK模拟/Info.plist";
				LD_RUNPATH_SEARCH_PATHS = "$(inherited) @executable_path/Frameworks";
				PRODUCT_NAME = "$(TARGET_NAME)";
			};
			name = Release;
		};
		042817E81B69D5F700D1074A /* Debug */ = {
			isa = XCBuildConfiguration;
			buildSettings = {
				BUNDLE_LOADER = "$(TEST_HOST)";
				FRAMEWORK_SEARCH_PATHS = (
					"$(SDKROOT)/Developer/Library/Frameworks",
					"$(inherited)",
				);
				GCC_PREPROCESSOR_DEFINITIONS = (
					"DEBUG=1",
					"$(inherited)",
				);
				INFOPLIST_FILE = "支付SDK模拟Tests/Info.plist";
				LD_RUNPATH_SEARCH_PATHS = "$(inherited) @executable_path/Frameworks @loader_path/Frameworks";
				PRODUCT_NAME = "$(TARGET_NAME)";
				TEST_HOST = "$(BUILT_PRODUCTS_DIR)/支付SDK模拟.app/支付SDK模拟";
			};
			name = Debug;
		};
		042817E91B69D5F700D1074A /* Release */ = {
			isa = XCBuildConfiguration;
			buildSettings = {
				BUNDLE_LOADER = "$(TEST_HOST)";
				FRAMEWORK_SEARCH_PATHS = (
					"$(SDKROOT)/Developer/Library/Frameworks",
					"$(inherited)",
				);
				INFOPLIST_FILE = "支付SDK模拟Tests/Info.plist";
				LD_RUNPATH_SEARCH_PATHS = "$(inherited) @executable_path/Frameworks @loader_path/Frameworks";
				PRODUCT_NAME = "$(TARGET_NAME)";
				TEST_HOST = "$(BUILT_PRODUCTS_DIR)/支付SDK模拟.app/支付SDK模拟";
			};
			name = Release;
		};
/* End XCBuildConfiguration section */

/* Begin XCConfigurationList section */
		042817BC1B69D5F700D1074A /* Build configuration list for PBXProject "支付SDK模拟" */ = {
			isa = XCConfigurationList;
			buildConfigurations = (
				042817E21B69D5F700D1074A /* Debug */,
				042817E31B69D5F700D1074A /* Release */,
			);
			defaultConfigurationIsVisible = 0;
			defaultConfigurationName = Release;
		};
		042817E41B69D5F700D1074A /* Build configuration list for PBXNativeTarget "支付SDK模拟" */ = {
			isa = XCConfigurationList;
			buildConfigurations = (
				042817E51B69D5F700D1074A /* Debug */,
				042817E61B69D5F700D1074A /* Release */,
			);
			defaultConfigurationIsVisible = 0;
		};
		042817E71B69D5F700D1074A /* Build configuration list for PBXNativeTarget "支付SDK模拟Tests" */ = {
			isa = XCConfigurationList;
			buildConfigurations = (
				042817E81B69D5F700D1074A /* Debug */,
				042817E91B69D5F700D1074A /* Release */,
			);
			defaultConfigurationIsVisible = 0;
		};
/* End XCConfigurationList section */
	};
	rootObject = 042817B91B69D5F700D1074A /* Project object */;
}
